
Microsoft Visual Studio Solution File, Format Version 12.00
# Visual Studio Version 17
VisualStudioVersion = 17.1.32414.318
MinimumVisualStudioVersion = 10.0.40219.1
Project("{FAE04EC0-301F-11D3-BF4B-00C04F79EFBC}") = "BlazorUI", "BlazorUI\BlazorUI.csproj", "{FFD81C78-613C-45C3-AED0-63360BC34178}"
EndProject
Project("{FAE04EC0-301F-11D3-BF4B-00C04F79EFBC}") = "WpfUI", "WpfUI\WpfUI.csproj", "{07FBDD07-0AA5-4115-AF85-95E2A6FE006A}"
EndProject
Global
	GlobalSection(SolutionConfigurationPlatforms) = preSolution
		Debug|Any CPU = Debug|Any CPU
		Release|Any CPU = Release|Any CPU
	EndGlobalSection
	GlobalSection(ProjectConfigurationPlatforms) = postSolution
		{FFD81C78-613C-45C3-AED0-63360BC34178}.Debug|Any CPU.ActiveCfg = Debug|Any CPU
		{FFD81C78-613C-45C3-AED0-63360BC34178}.Debug|Any CPU.Build.0 = Debug|Any CPU
		{FFD81C78-613C-45C3-AED0-63360BC34178}.Release|Any CPU.ActiveCfg = Release|Any CPU
		{FFD81C78-613C-45C3-AED0-63360BC34178}.Release|Any CPU.Build.0 = Release|Any CPU
		{07FBDD07-0AA5-4115-AF85-95E2A6FE006A}.Debug|Any CPU.ActiveCfg = Debug|Any CPU
		{07FBDD07-0AA5-4115-AF85-95E2A6FE006A}.Debug|Any CPU.Build.0 = Debug|Any CPU
		{07FBDD07-0AA5-4115-AF85-95E2A6FE006A}.Release|Any CPU.ActiveCfg = Release|Any CPU
		{07FBDD07-0AA5-4115-AF85-95E2A6FE006A}.Release|Any CPU.Build.0 = Release|Any CPU
	EndGlobalSection
	GlobalSection(SolutionProperties) = preSolution
		HideSolutionNode = FALSE
	EndGlobalSection
	GlobalSection(ExtensibilityGlobals) = postSolution
		SolutionGuid = {A7EE4CED-1C1D-4A39-BDA1-1E8AB4718674}
	EndGlobalSection
EndGlobal
